// !$*UTF8*$!
{
	archiveVersion = 1;
	classes = {
	};
	objectVersion = 55;
	objects = {

/* Begin PBXBuildFile section */
		2ECC0F0227615CA20033EE1E /* AppDelegate.swift in Sources */ = {isa = PBXBuildFile; fileRef = 2ECC0F0127615CA20033EE1E /* AppDelegate.swift */; };
		2ECC0F0427615CA20033EE1E /* SceneDelegate.swift in Sources */ = {isa = PBXBuildFile; fileRef = 2ECC0F0327615CA20033EE1E /* SceneDelegate.swift */; };
		2ECC0F0627615CA20033EE1E /* ViewController.swift in Sources */ = {isa = PBXBuildFile; fileRef = 2ECC0F0527615CA20033EE1E /* ViewController.swift */; };
		2ECC0F0927615CA20033EE1E /* Main.storyboard in Resources */ = {isa = PBXBuildFile; fileRef = 2ECC0F0727615CA20033EE1E /* Main.storyboard */; };
		2ECC0F0B27615CA40033EE1E /* Assets.xcassets in Resources */ = {isa = PBXBuildFile; fileRef = 2ECC0F0A27615CA40033EE1E /* Assets.xcassets */; };
		2ECC0F0E27615CA40033EE1E /* LaunchScreen.storyboard in Resources */ = {isa = PBXBuildFile; fileRef = 2ECC0F0C27615CA40033EE1E /* LaunchScreen.storyboard */; };
		2ECC0F2327615CA50033EE1E /* EssentialAppUITests.swift in Sources */ = {isa = PBXBuildFile; fileRef = 2ECC0F2227615CA50033EE1E /* EssentialAppUITests.swift */; };
		2ECC0F2527615CA50033EE1E /* EssentialAppUITestsLaunchTests.swift in Sources */ = {isa = PBXBuildFile; fileRef = 2ECC0F2427615CA50033EE1E /* EssentialAppUITestsLaunchTests.swift */; };
		2ECC105B276162230033EE1E /* EssentialFeed.framework in Frameworks */ = {isa = PBXBuildFile; fileRef = 2ECC1059276162230033EE1E /* EssentialFeed.framework */; };
		2ECC105C276162230033EE1E /* EssentialFeed.framework in Embed Frameworks */ = {isa = PBXBuildFile; fileRef = 2ECC1059276162230033EE1E /* EssentialFeed.framework */; settings = {ATTRIBUTES = (CodeSignOnCopy, RemoveHeadersOnCopy, ); }; };
		2ECC105D276162230033EE1E /* EssentialFeediOS.framework in Frameworks */ = {isa = PBXBuildFile; fileRef = 2ECC105A276162230033EE1E /* EssentialFeediOS.framework */; };
		2ECC105E276162230033EE1E /* EssentialFeediOS.framework in Embed Frameworks */ = {isa = PBXBuildFile; fileRef = 2ECC105A276162230033EE1E /* EssentialFeediOS.framework */; settings = {ATTRIBUTES = (CodeSignOnCopy, RemoveHeadersOnCopy, ); }; };
		2ECC106E2761FABA0033EE1E /* FeedLoaderWithFallbackCompositeTests.swift in Sources */ = {isa = PBXBuildFile; fileRef = 2ECC106D2761FABA0033EE1E /* FeedLoaderWithFallbackCompositeTests.swift */; };
		2ECC1070276201860033EE1E /* FeedLoaderWithFallbackComposite.swift in Sources */ = {isa = PBXBuildFile; fileRef = 2ECC106F276201860033EE1E /* FeedLoaderWithFallbackComposite.swift */; };
/* End PBXBuildFile section */

/* Begin PBXContainerItemProxy section */
		2ECC0F1527615CA50033EE1E /* PBXContainerItemProxy */ = {
			isa = PBXContainerItemProxy;
			containerPortal = 2ECC0EF627615CA20033EE1E /* Project object */;
			proxyType = 1;
			remoteGlobalIDString = 2ECC0EFD27615CA20033EE1E;
			remoteInfo = EssentialApp;
		};
		2ECC0F1F27615CA50033EE1E /* PBXContainerItemProxy */ = {
			isa = PBXContainerItemProxy;
			containerPortal = 2ECC0EF627615CA20033EE1E /* Project object */;
			proxyType = 1;
			remoteGlobalIDString = 2ECC0EFD27615CA20033EE1E;
			remoteInfo = EssentialApp;
		};
/* End PBXContainerItemProxy section */

/* Begin PBXCopyFilesBuildPhase section */
		2ECC105F276162240033EE1E /* Embed Frameworks */ = {
			isa = PBXCopyFilesBuildPhase;
			buildActionMask = 2147483647;
			dstPath = "";
			dstSubfolderSpec = 10;
			files = (
				2ECC105C276162230033EE1E /* EssentialFeed.framework in Embed Frameworks */,
				2ECC105E276162230033EE1E /* EssentialFeediOS.framework in Embed Frameworks */,
			);
			name = "Embed Frameworks";
			runOnlyForDeploymentPostprocessing = 0;
		};
/* End PBXCopyFilesBuildPhase section */

/* Begin PBXFileReference section */
		2ECC0EFE27615CA20033EE1E /* EssentialApp.app */ = {isa = PBXFileReference; explicitFileType = wrapper.application; includeInIndex = 0; path = EssentialApp.app; sourceTree = BUILT_PRODUCTS_DIR; };
		2ECC0F0127615CA20033EE1E /* AppDelegate.swift */ = {isa = PBXFileReference; lastKnownFileType = sourcecode.swift; path = AppDelegate.swift; sourceTree = "<group>"; };
		2ECC0F0327615CA20033EE1E /* SceneDelegate.swift */ = {isa = PBXFileReference; lastKnownFileType = sourcecode.swift; path = SceneDelegate.swift; sourceTree = "<group>"; };
		2ECC0F0527615CA20033EE1E /* ViewController.swift */ = {isa = PBXFileReference; lastKnownFileType = sourcecode.swift; path = ViewController.swift; sourceTree = "<group>"; };
		2ECC0F0827615CA20033EE1E /* Base */ = {isa = PBXFileReference; lastKnownFileType = file.storyboard; name = Base; path = Base.lproj/Main.storyboard; sourceTree = "<group>"; };
		2ECC0F0A27615CA40033EE1E /* Assets.xcassets */ = {isa = PBXFileReference; lastKnownFileType = folder.assetcatalog; path = Assets.xcassets; sourceTree = "<group>"; };
		2ECC0F0D27615CA40033EE1E /* Base */ = {isa = PBXFileReference; lastKnownFileType = file.storyboard; name = Base; path = Base.lproj/LaunchScreen.storyboard; sourceTree = "<group>"; };
		2ECC0F0F27615CA40033EE1E /* Info.plist */ = {isa = PBXFileReference; lastKnownFileType = text.plist.xml; path = Info.plist; sourceTree = "<group>"; };
		2ECC0F1427615CA50033EE1E /* EssentialAppTests.xctest */ = {isa = PBXFileReference; explicitFileType = wrapper.cfbundle; includeInIndex = 0; path = EssentialAppTests.xctest; sourceTree = BUILT_PRODUCTS_DIR; };
		2ECC0F1E27615CA50033EE1E /* EssentialAppUITests.xctest */ = {isa = PBXFileReference; explicitFileType = wrapper.cfbundle; includeInIndex = 0; path = EssentialAppUITests.xctest; sourceTree = BUILT_PRODUCTS_DIR; };
		2ECC0F2227615CA50033EE1E /* EssentialAppUITests.swift */ = {isa = PBXFileReference; lastKnownFileType = sourcecode.swift; path = EssentialAppUITests.swift; sourceTree = "<group>"; };
		2ECC0F2427615CA50033EE1E /* EssentialAppUITestsLaunchTests.swift */ = {isa = PBXFileReference; lastKnownFileType = sourcecode.swift; path = EssentialAppUITestsLaunchTests.swift; sourceTree = "<group>"; };
		2ECC1059276162230033EE1E /* EssentialFeed.framework */ = {isa = PBXFileReference; explicitFileType = wrapper.framework; path = EssentialFeed.framework; sourceTree = BUILT_PRODUCTS_DIR; };
		2ECC105A276162230033EE1E /* EssentialFeediOS.framework */ = {isa = PBXFileReference; explicitFileType = wrapper.framework; path = EssentialFeediOS.framework; sourceTree = BUILT_PRODUCTS_DIR; };
		2ECC106D2761FABA0033EE1E /* FeedLoaderWithFallbackCompositeTests.swift */ = {isa = PBXFileReference; fileEncoding = 4; lastKnownFileType = sourcecode.swift; path = FeedLoaderWithFallbackCompositeTests.swift; sourceTree = "<group>"; };
		2ECC106F276201860033EE1E /* FeedLoaderWithFallbackComposite.swift */ = {isa = PBXFileReference; lastKnownFileType = sourcecode.swift; path = FeedLoaderWithFallbackComposite.swift; sourceTree = "<group>"; };
/* End PBXFileReference section */

/* Begin PBXFrameworksBuildPhase section */
		2ECC0EFB27615CA20033EE1E /* Frameworks */ = {
			isa = PBXFrameworksBuildPhase;
			buildActionMask = 2147483647;
			files = (
				2ECC105B276162230033EE1E /* EssentialFeed.framework in Frameworks */,
				2ECC105D276162230033EE1E /* EssentialFeediOS.framework in Frameworks */,
			);
			runOnlyForDeploymentPostprocessing = 0;
		};
		2ECC0F1127615CA50033EE1E /* Frameworks */ = {
			isa = PBXFrameworksBuildPhase;
			buildActionMask = 2147483647;
			files = (
			);
			runOnlyForDeploymentPostprocessing = 0;
		};
		2ECC0F1B27615CA50033EE1E /* Frameworks */ = {
			isa = PBXFrameworksBuildPhase;
			buildActionMask = 2147483647;
			files = (
			);
			runOnlyForDeploymentPostprocessing = 0;
		};
/* End PBXFrameworksBuildPhase section */

/* Begin PBXGroup section */
		2ECC0EF527615CA20033EE1E = {
			isa = PBXGroup;
			children = (
				2ECC10672761F9F60033EE1E /* EssentialAppTests */,
				2ECC0F0027615CA20033EE1E /* EssentialApp */,
				2ECC0F2127615CA50033EE1E /* EssentialAppUITests */,
				2ECC0EFF27615CA20033EE1E /* Products */,
				2ECC1058276162230033EE1E /* Frameworks */,
			);
			sourceTree = "<group>";
		};
		2ECC0EFF27615CA20033EE1E /* Products */ = {
			isa = PBXGroup;
			children = (
				2ECC0EFE27615CA20033EE1E /* EssentialApp.app */,
				2ECC0F1427615CA50033EE1E /* EssentialAppTests.xctest */,
				2ECC0F1E27615CA50033EE1E /* EssentialAppUITests.xctest */,
			);
			name = Products;
			sourceTree = "<group>";
		};
		2ECC0F0027615CA20033EE1E /* EssentialApp */ = {
			isa = PBXGroup;
			children = (
				2ECC0F0127615CA20033EE1E /* AppDelegate.swift */,
				2ECC0F0327615CA20033EE1E /* SceneDelegate.swift */,
				2ECC0F0527615CA20033EE1E /* ViewController.swift */,
				2ECC0F0727615CA20033EE1E /* Main.storyboard */,
				2ECC0F0A27615CA40033EE1E /* Assets.xcassets */,
				2ECC0F0C27615CA40033EE1E /* LaunchScreen.storyboard */,
				2ECC0F0F27615CA40033EE1E /* Info.plist */,
				2ECC106F276201860033EE1E /* FeedLoaderWithFallbackComposite.swift */,
			);
			path = EssentialApp;
			sourceTree = "<group>";
		};
		2ECC0F2127615CA50033EE1E /* EssentialAppUITests */ = {
			isa = PBXGroup;
			children = (
				2ECC0F2227615CA50033EE1E /* EssentialAppUITests.swift */,
				2ECC0F2427615CA50033EE1E /* EssentialAppUITestsLaunchTests.swift */,
			);
			path = EssentialAppUITests;
			sourceTree = "<group>";
		};
		2ECC1058276162230033EE1E /* Frameworks */ = {
			isa = PBXGroup;
			children = (
				2ECC1059276162230033EE1E /* EssentialFeed.framework */,
				2ECC105A276162230033EE1E /* EssentialFeediOS.framework */,
			);
			name = Frameworks;
			sourceTree = "<group>";
		};
		2ECC10672761F9F60033EE1E /* EssentialAppTests */ = {
			isa = PBXGroup;
			children = (
				2ECC106D2761FABA0033EE1E /* FeedLoaderWithFallbackCompositeTests.swift */,
			);
			path = EssentialAppTests;
			sourceTree = "<group>";
		};
/* End PBXGroup section */

/* Begin PBXNativeTarget section */
		2ECC0EFD27615CA20033EE1E /* EssentialApp */ = {
			isa = PBXNativeTarget;
			buildConfigurationList = 2ECC0F2827615CA50033EE1E /* Build configuration list for PBXNativeTarget "EssentialApp" */;
			buildPhases = (
				2ECC0EFA27615CA20033EE1E /* Sources */,
				2ECC0EFB27615CA20033EE1E /* Frameworks */,
				2ECC0EFC27615CA20033EE1E /* Resources */,
				2ECC105F276162240033EE1E /* Embed Frameworks */,
			);
			buildRules = (
			);
			dependencies = (
			);
			name = EssentialApp;
			productName = EssentialApp;
			productReference = 2ECC0EFE27615CA20033EE1E /* EssentialApp.app */;
			productType = "com.apple.product-type.application";
		};
		2ECC0F1327615CA50033EE1E /* EssentialAppTests */ = {
			isa = PBXNativeTarget;
			buildConfigurationList = 2ECC0F2B27615CA50033EE1E /* Build configuration list for PBXNativeTarget "EssentialAppTests" */;
			buildPhases = (
				2ECC0F1027615CA50033EE1E /* Sources */,
				2ECC0F1127615CA50033EE1E /* Frameworks */,
				2ECC0F1227615CA50033EE1E /* Resources */,
			);
			buildRules = (
			);
			dependencies = (
				2ECC0F1627615CA50033EE1E /* PBXTargetDependency */,
			);
			name = EssentialAppTests;
			productName = EssentialAppTests;
			productReference = 2ECC0F1427615CA50033EE1E /* EssentialAppTests.xctest */;
			productType = "com.apple.product-type.bundle.unit-test";
		};
		2ECC0F1D27615CA50033EE1E /* EssentialAppUITests */ = {
			isa = PBXNativeTarget;
			buildConfigurationList = 2ECC0F2E27615CA50033EE1E /* Build configuration list for PBXNativeTarget "EssentialAppUITests" */;
			buildPhases = (
				2ECC0F1A27615CA50033EE1E /* Sources */,
				2ECC0F1B27615CA50033EE1E /* Frameworks */,
				2ECC0F1C27615CA50033EE1E /* Resources */,
			);
			buildRules = (
			);
			dependencies = (
				2ECC0F2027615CA50033EE1E /* PBXTargetDependency */,
			);
			name = EssentialAppUITests;
			productName = EssentialAppUITests;
			productReference = 2ECC0F1E27615CA50033EE1E /* EssentialAppUITests.xctest */;
			productType = "com.apple.product-type.bundle.ui-testing";
		};
/* End PBXNativeTarget section */

/* Begin PBXProject section */
		2ECC0EF627615CA20033EE1E /* Project object */ = {
			isa = PBXProject;
			attributes = {
				BuildIndependentTargetsInParallel = 1;
				LastSwiftUpdateCheck = 1310;
				LastUpgradeCheck = 1310;
				TargetAttributes = {
					2ECC0EFD27615CA20033EE1E = {
						CreatedOnToolsVersion = 13.1;
					};
					2ECC0F1327615CA50033EE1E = {
						CreatedOnToolsVersion = 13.1;
						TestTargetID = 2ECC0EFD27615CA20033EE1E;
					};
					2ECC0F1D27615CA50033EE1E = {
						CreatedOnToolsVersion = 13.1;
						TestTargetID = 2ECC0EFD27615CA20033EE1E;
					};
				};
			};
			buildConfigurationList = 2ECC0EF927615CA20033EE1E /* Build configuration list for PBXProject "EssentialApp" */;
			compatibilityVersion = "Xcode 13.0";
			developmentRegion = en;
			hasScannedForEncodings = 0;
			knownRegions = (
				en,
				Base,
			);
			mainGroup = 2ECC0EF527615CA20033EE1E;
			productRefGroup = 2ECC0EFF27615CA20033EE1E /* Products */;
			projectDirPath = "";
			projectRoot = "";
			targets = (
				2ECC0EFD27615CA20033EE1E /* EssentialApp */,
				2ECC0F1327615CA50033EE1E /* EssentialAppTests */,
				2ECC0F1D27615CA50033EE1E /* EssentialAppUITests */,
			);
		};
/* End PBXProject section */

/* Begin PBXResourcesBuildPhase section */
		2ECC0EFC27615CA20033EE1E /* Resources */ = {
			isa = PBXResourcesBuildPhase;
			buildActionMask = 2147483647;
			files = (
				2ECC0F0E27615CA40033EE1E /* LaunchScreen.storyboard in Resources */,
				2ECC0F0B27615CA40033EE1E /* Assets.xcassets in Resources */,
				2ECC0F0927615CA20033EE1E /* Main.storyboard in Resources */,
			);
			runOnlyForDeploymentPostprocessing = 0;
		};
		2ECC0F1227615CA50033EE1E /* Resources */ = {
			isa = PBXResourcesBuildPhase;
			buildActionMask = 2147483647;
			files = (
			);
			runOnlyForDeploymentPostprocessing = 0;
		};
		2ECC0F1C27615CA50033EE1E /* Resources */ = {
			isa = PBXResourcesBuildPhase;
			buildActionMask = 2147483647;
			files = (
			);
			runOnlyForDeploymentPostprocessing = 0;
		};
/* End PBXResourcesBuildPhase section */

/* Begin PBXSourcesBuildPhase section */
		2ECC0EFA27615CA20033EE1E /* Sources */ = {
			isa = PBXSourcesBuildPhase;
			buildActionMask = 2147483647;
			files = (
				2ECC0F0627615CA20033EE1E /* ViewController.swift in Sources */,
				2ECC0F0227615CA20033EE1E /* AppDelegate.swift in Sources */,
				2ECC1070276201860033EE1E /* FeedLoaderWithFallbackComposite.swift in Sources */,
				2ECC0F0427615CA20033EE1E /* SceneDelegate.swift in Sources */,
			);
			runOnlyForDeploymentPostprocessing = 0;
		};
		2ECC0F1027615CA50033EE1E /* Sources */ = {
			isa = PBXSourcesBuildPhase;
			buildActionMask = 2147483647;
			files = (
				2ECC106E2761FABA0033EE1E /* FeedLoaderWithFallbackCompositeTests.swift in Sources */,
			);
			runOnlyForDeploymentPostprocessing = 0;
		};
		2ECC0F1A27615CA50033EE1E /* Sources */ = {
			isa = PBXSourcesBuildPhase;
			buildActionMask = 2147483647;
			files = (
				2ECC0F2327615CA50033EE1E /* EssentialAppUITests.swift in Sources */,
				2ECC0F2527615CA50033EE1E /* EssentialAppUITestsLaunchTests.swift in Sources */,
			);
			runOnlyForDeploymentPostprocessing = 0;
		};
/* End PBXSourcesBuildPhase section */

/* Begin PBXTargetDependency section */
		2ECC0F1627615CA50033EE1E /* PBXTargetDependency */ = {
			isa = PBXTargetDependency;
			target = 2ECC0EFD27615CA20033EE1E /* EssentialApp */;
			targetProxy = 2ECC0F1527615CA50033EE1E /* PBXContainerItemProxy */;
		};
		2ECC0F2027615CA50033EE1E /* PBXTargetDependency */ = {
			isa = PBXTargetDependency;
			target = 2ECC0EFD27615CA20033EE1E /* EssentialApp */;
			targetProxy = 2ECC0F1F27615CA50033EE1E /* PBXContainerItemProxy */;
		};
/* End PBXTargetDependency section */

/* Begin PBXVariantGroup section */
		2ECC0F0727615CA20033EE1E /* Main.storyboard */ = {
			isa = PBXVariantGroup;
			children = (
				2ECC0F0827615CA20033EE1E /* Base */,
			);
			name = Main.storyboard;
			sourceTree = "<group>";
		};
		2ECC0F0C27615CA40033EE1E /* LaunchScreen.storyboard */ = {
			isa = PBXVariantGroup;
			children = (
				2ECC0F0D27615CA40033EE1E /* Base */,
			);
			name = LaunchScreen.storyboard;
			sourceTree = "<group>";
		};
/* End PBXVariantGroup section */

/* Begin XCBuildConfiguration section */
		2ECC0F2627615CA50033EE1E /* Debug */ = {
			isa = XCBuildConfiguration;
			buildSettings = {
				ALWAYS_SEARCH_USER_PATHS = NO;
				CLANG_ANALYZER_NONNULL = YES;
				CLANG_ANALYZER_NUMBER_OBJECT_CONVERSION = YES_AGGRESSIVE;
				CLANG_CXX_LANGUAGE_STANDARD = "gnu++17";
				CLANG_CXX_LIBRARY = "libc++";
				CLANG_ENABLE_MODULES = YES;
				CLANG_ENABLE_OBJC_ARC = YES;
				CLANG_ENABLE_OBJC_WEAK = YES;
				CLANG_WARN_BLOCK_CAPTURE_AUTORELEASING = YES;
				CLANG_WARN_BOOL_CONVERSION = YES;
				CLANG_WARN_COMMA = YES;
				CLANG_WARN_CONSTANT_CONVERSION = YES;
				CLANG_WARN_DEPRECATED_OBJC_IMPLEMENTATIONS = YES;
				CLANG_WARN_DIRECT_OBJC_ISA_USAGE = YES_ERROR;
				CLANG_WARN_DOCUMENTATION_COMMENTS = YES;
				CLANG_WARN_EMPTY_BODY = YES;
				CLANG_WARN_ENUM_CONVERSION = YES;
				CLANG_WARN_INFINITE_RECURSION = YES;
				CLANG_WARN_INT_CONVERSION = YES;
				CLANG_WARN_NON_LITERAL_NULL_CONVERSION = YES;
				CLANG_WARN_OBJC_IMPLICIT_RETAIN_SELF = YES;
				CLANG_WARN_OBJC_LITERAL_CONVERSION = YES;
				CLANG_WARN_OBJC_ROOT_CLASS = YES_ERROR;
				CLANG_WARN_QUOTED_INCLUDE_IN_FRAMEWORK_HEADER = YES;
				CLANG_WARN_RANGE_LOOP_ANALYSIS = YES;
				CLANG_WARN_STRICT_PROTOTYPES = YES;
				CLANG_WARN_SUSPICIOUS_MOVE = YES;
				CLANG_WARN_UNGUARDED_AVAILABILITY = YES_AGGRESSIVE;
				CLANG_WARN_UNREACHABLE_CODE = YES;
				CLANG_WARN__DUPLICATE_METHOD_MATCH = YES;
				COPY_PHASE_STRIP = NO;
				DEBUG_INFORMATION_FORMAT = dwarf;
				ENABLE_STRICT_OBJC_MSGSEND = YES;
				ENABLE_TESTABILITY = YES;
				GCC_C_LANGUAGE_STANDARD = gnu11;
				GCC_DYNAMIC_NO_PIC = NO;
				GCC_NO_COMMON_BLOCKS = YES;
				GCC_OPTIMIZATION_LEVEL = 0;
				GCC_PREPROCESSOR_DEFINITIONS = (
					"DEBUG=1",
					"$(inherited)",
				);
				GCC_WARN_64_TO_32_BIT_CONVERSION = YES;
				GCC_WARN_ABOUT_RETURN_TYPE = YES_ERROR;
				GCC_WARN_UNDECLARED_SELECTOR = YES;
				GCC_WARN_UNINITIALIZED_AUTOS = YES_AGGRESSIVE;
				GCC_WARN_UNUSED_FUNCTION = YES;
				GCC_WARN_UNUSED_VARIABLE = YES;
				IPHONEOS_DEPLOYMENT_TARGET = 15.0;
				MTL_ENABLE_DEBUG_INFO = INCLUDE_SOURCE;
				MTL_FAST_MATH = YES;
				ONLY_ACTIVE_ARCH = YES;
				SDKROOT = iphoneos;
				SWIFT_ACTIVE_COMPILATION_CONDITIONS = DEBUG;
				SWIFT_OPTIMIZATION_LEVEL = "-Onone";
			};
			name = Debug;
		};
		2ECC0F2727615CA50033EE1E /* Release */ = {
			isa = XCBuildConfiguration;
			buildSettings = {
				ALWAYS_SEARCH_USER_PATHS = NO;
				CLANG_ANALYZER_NONNULL = YES;
				CLANG_ANALYZER_NUMBER_OBJECT_CONVERSION = YES_AGGRESSIVE;
				CLANG_CXX_LANGUAGE_STANDARD = "gnu++17";
				CLANG_CXX_LIBRARY = "libc++";
				CLANG_ENABLE_MODULES = YES;
				CLANG_ENABLE_OBJC_ARC = YES;
				CLANG_ENABLE_OBJC_WEAK = YES;
				CLANG_WARN_BLOCK_CAPTURE_AUTORELEASING = YES;
				CLANG_WARN_BOOL_CONVERSION = YES;
				CLANG_WARN_COMMA = YES;
				CLANG_WARN_CONSTANT_CONVERSION = YES;
				CLANG_WARN_DEPRECATED_OBJC_IMPLEMENTATIONS = YES;
				CLANG_WARN_DIRECT_OBJC_ISA_USAGE = YES_ERROR;
				CLANG_WARN_DOCUMENTATION_COMMENTS = YES;
				CLANG_WARN_EMPTY_BODY = YES;
				CLANG_WARN_ENUM_CONVERSION = YES;
				CLANG_WARN_INFINITE_RECURSION = YES;
				CLANG_WARN_INT_CONVERSION = YES;
				CLANG_WARN_NON_LITERAL_NULL_CONVERSION = YES;
				CLANG_WARN_OBJC_IMPLICIT_RETAIN_SELF = YES;
				CLANG_WARN_OBJC_LITERAL_CONVERSION = YES;
				CLANG_WARN_OBJC_ROOT_CLASS = YES_ERROR;
				CLANG_WARN_QUOTED_INCLUDE_IN_FRAMEWORK_HEADER = YES;
				CLANG_WARN_RANGE_LOOP_ANALYSIS = YES;
				CLANG_WARN_STRICT_PROTOTYPES = YES;
				CLANG_WARN_SUSPICIOUS_MOVE = YES;
				CLANG_WARN_UNGUARDED_AVAILABILITY = YES_AGGRESSIVE;
				CLANG_WARN_UNREACHABLE_CODE = YES;
				CLANG_WARN__DUPLICATE_METHOD_MATCH = YES;
				COPY_PHASE_STRIP = NO;
				DEBUG_INFORMATION_FORMAT = "dwarf-with-dsym";
				ENABLE_NS_ASSERTIONS = NO;
				ENABLE_STRICT_OBJC_MSGSEND = YES;
				GCC_C_LANGUAGE_STANDARD = gnu11;
				GCC_NO_COMMON_BLOCKS = YES;
				GCC_WARN_64_TO_32_BIT_CONVERSION = YES;
				GCC_WARN_ABOUT_RETURN_TYPE = YES_ERROR;
				GCC_WARN_UNDECLARED_SELECTOR = YES;
				GCC_WARN_UNINITIALIZED_AUTOS = YES_AGGRESSIVE;
				GCC_WARN_UNUSED_FUNCTION = YES;
				GCC_WARN_UNUSED_VARIABLE = YES;
				IPHONEOS_DEPLOYMENT_TARGET = 15.0;
				MTL_ENABLE_DEBUG_INFO = NO;
				MTL_FAST_MATH = YES;
				SDKROOT = iphoneos;
				SWIFT_COMPILATION_MODE = wholemodule;
				SWIFT_OPTIMIZATION_LEVEL = "-O";
				VALIDATE_PRODUCT = YES;
			};
			name = Release;
		};
		2ECC0F2927615CA50033EE1E /* Debug */ = {
			isa = XCBuildConfiguration;
			buildSettings = {
				ASSETCATALOG_COMPILER_APPICON_NAME = AppIcon;
				ASSETCATALOG_COMPILER_GLOBAL_ACCENT_COLOR_NAME = AccentColor;
				CODE_SIGN_STYLE = Automatic;
				CURRENT_PROJECT_VERSION = 1;
				GENERATE_INFOPLIST_FILE = YES;
				INFOPLIST_FILE = EssentialApp/Info.plist;
				INFOPLIST_KEY_UIApplicationSupportsIndirectInputEvents = YES;
				INFOPLIST_KEY_UILaunchStoryboardName = LaunchScreen;
				INFOPLIST_KEY_UIMainStoryboardFile = Main;
				INFOPLIST_KEY_UISupportedInterfaceOrientations = UIInterfaceOrientationPortrait;
				INFOPLIST_KEY_UISupportedInterfaceOrientations_iPad = "UIInterfaceOrientationPortrait UIInterfaceOrientationPortraitUpsideDown UIInterfaceOrientationLandscapeLeft UIInterfaceOrientationLandscapeRight";
				INFOPLIST_KEY_UISupportedInterfaceOrientations_iPhone = "UIInterfaceOrientationPortrait UIInterfaceOrientationLandscapeLeft UIInterfaceOrientationLandscapeRight";
				LD_RUNPATH_SEARCH_PATHS = (
					"$(inherited)",
					"@executable_path/Frameworks",
				);
				MARKETING_VERSION = 1.0;
				PRODUCT_BUNDLE_IDENTIFIER = com.aanguiano.EssentialApp;
				PRODUCT_NAME = "$(TARGET_NAME)";
				SWIFT_EMIT_LOC_STRINGS = YES;
				SWIFT_VERSION = 5.0;
				TARGETED_DEVICE_FAMILY = 1;
			};
			name = Debug;
		};
		2ECC0F2A27615CA50033EE1E /* Release */ = {
			isa = XCBuildConfiguration;
			buildSettings = {
				ASSETCATALOG_COMPILER_APPICON_NAME = AppIcon;
				ASSETCATALOG_COMPILER_GLOBAL_ACCENT_COLOR_NAME = AccentColor;
				CODE_SIGN_STYLE = Automatic;
				CURRENT_PROJECT_VERSION = 1;
				GENERATE_INFOPLIST_FILE = YES;
				INFOPLIST_FILE = EssentialApp/Info.plist;
				INFOPLIST_KEY_UIApplicationSupportsIndirectInputEvents = YES;
				INFOPLIST_KEY_UILaunchStoryboardName = LaunchScreen;
				INFOPLIST_KEY_UIMainStoryboardFile = Main;
				INFOPLIST_KEY_UISupportedInterfaceOrientations = UIInterfaceOrientationPortrait;
				INFOPLIST_KEY_UISupportedInterfaceOrientations_iPad = "UIInterfaceOrientationPortrait UIInterfaceOrientationPortraitUpsideDown UIInterfaceOrientationLandscapeLeft UIInterfaceOrientationLandscapeRight";
				INFOPLIST_KEY_UISupportedInterfaceOrientations_iPhone = "UIInterfaceOrientationPortrait UIInterfaceOrientationLandscapeLeft UIInterfaceOrientationLandscapeRight";
				LD_RUNPATH_SEARCH_PATHS = (
					"$(inherited)",
					"@executable_path/Frameworks",
				);
				MARKETING_VERSION = 1.0;
				PRODUCT_BUNDLE_IDENTIFIER = com.aanguiano.EssentialApp;
				PRODUCT_NAME = "$(TARGET_NAME)";
				SWIFT_EMIT_LOC_STRINGS = YES;
				SWIFT_VERSION = 5.0;
				TARGETED_DEVICE_FAMILY = 1;
			};
			name = Release;
		};
		2ECC0F2C27615CA50033EE1E /* Debug */ = {
			isa = XCBuildConfiguration;
			buildSettings = {
				ALWAYS_EMBED_SWIFT_STANDARD_LIBRARIES = YES;
				BUNDLE_LOADER = "$(TEST_HOST)";
				CODE_SIGN_STYLE = Automatic;
				CURRENT_PROJECT_VERSION = 1;
				GENERATE_INFOPLIST_FILE = YES;
				IPHONEOS_DEPLOYMENT_TARGET = 15.0;
				LD_RUNPATH_SEARCH_PATHS = (
					"$(inherited)",
					"@executable_path/Frameworks",
					"@loader_path/Frameworks",
				);
				MARKETING_VERSION = 1.0;
				PRODUCT_BUNDLE_IDENTIFIER = com.aanguiano.EssentialAppTests;
				PRODUCT_NAME = "$(TARGET_NAME)";
				SWIFT_EMIT_LOC_STRINGS = NO;
				SWIFT_VERSION = 5.0;
				TARGETED_DEVICE_FAMILY = "1,2";
				TEST_HOST = "$(BUILT_PRODUCTS_DIR)/EssentialApp.app/EssentialApp";
			};
			name = Debug;
		};
		2ECC0F2D27615CA50033EE1E /* Release */ = {
			isa = XCBuildConfiguration;
			buildSettings = {
				ALWAYS_EMBED_SWIFT_STANDARD_LIBRARIES = YES;
				BUNDLE_LOADER = "$(TEST_HOST)";
				CODE_SIGN_STYLE = Automatic;
				CURRENT_PROJECT_VERSION = 1;
				GENERATE_INFOPLIST_FILE = YES;
				IPHONEOS_DEPLOYMENT_TARGET = 15.0;
				LD_RUNPATH_SEARCH_PATHS = (
					"$(inherited)",
					"@executable_path/Frameworks",
					"@loader_path/Frameworks",
				);
				MARKETING_VERSION = 1.0;
				PRODUCT_BUNDLE_IDENTIFIER = com.aanguiano.EssentialAppTests;
				PRODUCT_NAME = "$(TARGET_NAME)";
				SWIFT_EMIT_LOC_STRINGS = NO;
				SWIFT_VERSION = 5.0;
				TARGETED_DEVICE_FAMILY = "1,2";
				TEST_HOST = "$(BUILT_PRODUCTS_DIR)/EssentialApp.app/EssentialApp";
			};
			name = Release;
		};
		2ECC0F2F27615CA50033EE1E /* Debug */ = {
			isa = XCBuildConfiguration;
			buildSettings = {
				ALWAYS_EMBED_SWIFT_STANDARD_LIBRARIES = YES;
				CODE_SIGN_STYLE = Automatic;
				CURRENT_PROJECT_VERSION = 1;
				GENERATE_INFOPLIST_FILE = YES;
				LD_RUNPATH_SEARCH_PATHS = (
					"$(inherited)",
					"@executable_path/Frameworks",
					"@loader_path/Frameworks",
				);
				MARKETING_VERSION = 1.0;
				PRODUCT_BUNDLE_IDENTIFIER = com.aanguiano.EssentialAppUITests;
				PRODUCT_NAME = "$(TARGET_NAME)";
				SWIFT_EMIT_LOC_STRINGS = NO;
				SWIFT_VERSION = 5.0;
				TARGETED_DEVICE_FAMILY = "1,2";
				TEST_TARGET_NAME = EssentialApp;
			};
			name = Debug;
		};
		2ECC0F3027615CA50033EE1E /* Release */ = {
			isa = XCBuildConfiguration;
			buildSettings = {
				ALWAYS_EMBED_SWIFT_STANDARD_LIBRARIES = YES;
				CODE_SIGN_STYLE = Automatic;
				CURRENT_PROJECT_VERSION = 1;
				GENERATE_INFOPLIST_FILE = YES;
				LD_RUNPATH_SEARCH_PATHS = (
					"$(inherited)",
					"@executable_path/Frameworks",
					"@loader_path/Frameworks",
				);
				MARKETING_VERSION = 1.0;
				PRODUCT_BUNDLE_IDENTIFIER = com.aanguiano.EssentialAppUITests;
				PRODUCT_NAME = "$(TARGET_NAME)";
				SWIFT_EMIT_LOC_STRINGS = NO;
				SWIFT_VERSION = 5.0;
				TARGETED_DEVICE_FAMILY = "1,2";
				TEST_TARGET_NAME = EssentialApp;
			};
			name = Release;
		};
/* End XCBuildConfiguration section */

/* Begin XCConfigurationList section */
		2ECC0EF927615CA20033EE1E /* Build configuration list for PBXProject "EssentialApp" */ = {
			isa = XCConfigurationList;
			buildConfigurations = (
				2ECC0F2627615CA50033EE1E /* Debug */,
				2ECC0F2727615CA50033EE1E /* Release */,
			);
			defaultConfigurationIsVisible = 0;
			defaultConfigurationName = Release;
		};
		2ECC0F2827615CA50033EE1E /* Build configuration list for PBXNativeTarget "EssentialApp" */ = {
			isa = XCConfigurationList;
			buildConfigurations = (
				2ECC0F2927615CA50033EE1E /* Debug */,
				2ECC0F2A27615CA50033EE1E /* Release */,
			);
			defaultConfigurationIsVisible = 0;
			defaultConfigurationName = Release;
		};
		2ECC0F2B27615CA50033EE1E /* Build configuration list for PBXNativeTarget "EssentialAppTests" */ = {
			isa = XCConfigurationList;
			buildConfigurations = (
				2ECC0F2C27615CA50033EE1E /* Debug */,
				2ECC0F2D27615CA50033EE1E /* Release */,
			);
			defaultConfigurationIsVisible = 0;
			defaultConfigurationName = Release;
		};
		2ECC0F2E27615CA50033EE1E /* Build configuration list for PBXNativeTarget "EssentialAppUITests" */ = {
			isa = XCConfigurationList;
			buildConfigurations = (
				2ECC0F2F27615CA50033EE1E /* Debug */,
				2ECC0F3027615CA50033EE1E /* Release */,
			);
			defaultConfigurationIsVisible = 0;
			defaultConfigurationName = Release;
		};
/* End XCConfigurationList section */
	};
	rootObject = 2ECC0EF627615CA20033EE1E /* Project object */;
}
